<?xml version="1.0" encoding="UTF-8"?>
<!DOCTYPE plist PUBLIC "-//Apple//DTD PLIST 1.0//EN" "http://www.apple.com/DTDs/PropertyList-1.0.dtd">
<plist version="1.0">
<dict>
	<key>archiveVersion</key>
	<string>1</string>
	<key>classes</key>
	<dict/>
	<key>objectVersion</key>
	<string>46</string>
	<key>objects</key>
	<dict>
		<key>09365D8B9B168462A5B9817D</key>
		<dict>
			<key>buildActionMask</key>
			<string>2147483647</string>
			<key>files</key>
			<array/>
			<key>inputPaths</key>
			<array/>
			<key>isa</key>
			<string>PBXShellScriptBuildPhase</string>
			<key>name</key>
			<string>Copy Pods Resources</string>
			<key>outputPaths</key>
			<array/>
			<key>runOnlyForDeploymentPostprocessing</key>
			<string>0</string>
			<key>shellPath</key>
			<string>/bin/sh</string>
			<key>shellScript</key>
			<string>"${SRCROOT}/Pods/Target Support Files/Pods-VolRate/Pods-VolRate-resources.sh"
</string>
			<key>showEnvVarsInLog</key>
			<string>0</string>
		</dict>
		<key>197342E6549E818119424A3D</key>
		<dict>
			<key>buildActionMask</key>
			<string>2147483647</string>
			<key>files</key>
			<array/>
			<key>inputPaths</key>
			<array/>
			<key>isa</key>
			<string>PBXShellScriptBuildPhase</string>
			<key>name</key>
			<string>Embed Pods Frameworks</string>
			<key>outputPaths</key>
			<array/>
			<key>runOnlyForDeploymentPostprocessing</key>
			<string>0</string>
			<key>shellPath</key>
			<string>/bin/sh</string>
			<key>shellScript</key>
			<string>"${SRCROOT}/Pods/Target Support Files/Pods-VolRate/Pods-VolRate-frameworks.sh"
</string>
			<key>showEnvVarsInLog</key>
			<string>0</string>
		</dict>
		<key>2FFD811367C6175CDFB78247</key>
		<dict>
			<key>includeInIndex</key>
			<string>1</string>
			<key>isa</key>
			<string>PBXFileReference</string>
			<key>lastKnownFileType</key>
			<string>text.xcconfig</string>
			<key>name</key>
			<string>Pods-VolRate.debug.xcconfig</string>
			<key>path</key>
			<string>Pods/Target Support Files/Pods-VolRate/Pods-VolRate.debug.xcconfig</string>
			<key>sourceTree</key>
			<string>&lt;group&gt;</string>
		</dict>
		<key>72220383A969B83719DEB373</key>
		<dict>
			<key>buildActionMask</key>
			<string>2147483647</string>
			<key>files</key>
			<array/>
			<key>inputPaths</key>
			<array/>
			<key>isa</key>
			<string>PBXShellScriptBuildPhase</string>
			<key>name</key>
			<string>Check Pods Manifest.lock</string>
			<key>outputPaths</key>
			<array/>
			<key>runOnlyForDeploymentPostprocessing</key>
			<string>0</string>
			<key>shellPath</key>
			<string>/bin/sh</string>
			<key>shellScript</key>
			<string>diff "${PODS_ROOT}/../Podfile.lock" "${PODS_ROOT}/Manifest.lock" &gt; /dev/null
if [[ $? != 0 ]] ; then
    cat &lt;&lt; EOM
error: The sandbox is not in sync with the Podfile.lock. Run 'pod install' or update your CocoaPods installation.
EOM
    exit 1
fi
</string>
			<key>showEnvVarsInLog</key>
			<string>0</string>
		</dict>
		<key>98A2F5131C093D240049C5DE</key>
		<dict>
			<key>fileEncoding</key>
			<string>4</string>
			<key>isa</key>
			<string>PBXFileReference</string>
			<key>lastKnownFileType</key>
			<string>sourcecode.swift</string>
			<key>path</key>
			<string>ReviewViewController.swift</string>
			<key>sourceTree</key>
			<string>&lt;group&gt;</string>
		</dict>
		<key>98A2F5141C093D240049C5DE</key>
		<dict>
			<key>fileRef</key>
			<string>98A2F5131C093D240049C5DE</string>
			<key>isa</key>
			<string>PBXBuildFile</string>
		</dict>
		<key>98A2F5151C0955740049C5DE</key>
		<dict>
			<key>isa</key>
			<string>PBXFileReference</string>
			<key>lastKnownFileType</key>
			<string>wrapper.framework</string>
			<key>name</key>
			<string>MapKit.framework</string>
			<key>path</key>
			<string>System/Library/Frameworks/MapKit.framework</string>
			<key>sourceTree</key>
			<string>SDKROOT</string>
		</dict>
		<key>98A2F5161C0955740049C5DE</key>
		<dict>
			<key>fileRef</key>
			<string>98A2F5151C0955740049C5DE</string>
			<key>isa</key>
			<string>PBXBuildFile</string>
			<key>settings</key>
			<dict>
				<key>ATTRIBUTES</key>
				<array>
					<string>Required</string>
				</array>
			</dict>
		</dict>
		<key>98A2F5171C09595F0049C5DE</key>
		<dict>
			<key>fileEncoding</key>
			<string>4</string>
			<key>isa</key>
			<string>PBXFileReference</string>
			<key>lastKnownFileType</key>
			<string>sourcecode.swift</string>
			<key>path</key>
			<string>MapViewController.swift</string>
			<key>sourceTree</key>
			<string>&lt;group&gt;</string>
		</dict>
		<key>98A2F5181C09595F0049C5DE</key>
		<dict>
			<key>fileRef</key>
			<string>98A2F5171C09595F0049C5DE</string>
			<key>isa</key>
			<string>PBXBuildFile</string>
		</dict>
		<key>98A2F5191C09F0000049C5DE</key>
		<dict>
			<key>fileEncoding</key>
			<string>4</string>
			<key>isa</key>
			<string>PBXFileReference</string>
			<key>lastKnownFileType</key>
			<string>sourcecode.swift</string>
			<key>path</key>
			<string>AddOrganizationController.swift</string>
			<key>sourceTree</key>
			<string>&lt;group&gt;</string>
		</dict>
		<key>98A2F51A1C09F0000049C5DE</key>
		<dict>
			<key>fileRef</key>
			<string>98A2F5191C09F0000049C5DE</string>
			<key>isa</key>
			<string>PBXBuildFile</string>
		</dict>
		<key>98A2F53C1C0A0AD00049C5DE</key>
		<dict>
			<key>children</key>
			<array>
				<string>98A2F53D1C0A0AD00049C5DE</string>
			</array>
			<key>currentVersion</key>
			<string>98A2F53D1C0A0AD00049C5DE</string>
			<key>isa</key>
			<string>XCVersionGroup</string>
			<key>path</key>
			<string>VolRate.xcdatamodeld</string>
			<key>sourceTree</key>
			<string>&lt;group&gt;</string>
			<key>versionGroupType</key>
			<string>wrapper.xcdatamodel</string>
		</dict>
		<key>98A2F53D1C0A0AD00049C5DE</key>
		<dict>
			<key>isa</key>
			<string>PBXFileReference</string>
			<key>lastKnownFileType</key>
			<string>wrapper.xcdatamodel</string>
			<key>path</key>
			<string>VolRate.xcdatamodel</string>
			<key>sourceTree</key>
			<string>&lt;group&gt;</string>
		</dict>
		<key>98A2F53E1C0A0AD00049C5DE</key>
		<dict>
			<key>fileRef</key>
			<string>98A2F53C1C0A0AD00049C5DE</string>
			<key>isa</key>
			<string>PBXBuildFile</string>
		</dict>
		<key>98A2F53F1C0A4A900049C5DE</key>
		<dict>
			<key>fileEncoding</key>
			<string>4</string>
			<key>isa</key>
			<string>PBXFileReference</string>
			<key>lastKnownFileType</key>
			<string>sourcecode.swift</string>
			<key>path</key>
			<string>WalkthroughContentViewController.swift</string>
			<key>sourceTree</key>
			<string>&lt;group&gt;</string>
		</dict>
		<key>98A2F5401C0A4A900049C5DE</key>
		<dict>
			<key>fileRef</key>
			<string>98A2F53F1C0A4A900049C5DE</string>
			<key>isa</key>
			<string>PBXBuildFile</string>
		</dict>
		<key>98A2F5411C0A4BF00049C5DE</key>
		<dict>
			<key>fileEncoding</key>
			<string>4</string>
			<key>isa</key>
			<string>PBXFileReference</string>
			<key>lastKnownFileType</key>
			<string>sourcecode.swift</string>
			<key>path</key>
			<string>WalkthroughPageViewController.swift</string>
			<key>sourceTree</key>
			<string>&lt;group&gt;</string>
		</dict>
		<key>98A2F5421C0A4BF00049C5DE</key>
		<dict>
			<key>fileRef</key>
			<string>98A2F5411C0A4BF00049C5DE</string>
			<key>isa</key>
			<string>PBXBuildFile</string>
		</dict>
		<key>98A2F5431C0A5F9B0049C5DE</key>
		<dict>
			<key>children</key>
			<array>
				<string>98A2F5441C0A5F9B0049C5DE</string>
			</array>
			<key>isa</key>
			<string>PBXVariantGroup</string>
			<key>name</key>
			<string>About.storyboard</string>
			<key>sourceTree</key>
			<string>&lt;group&gt;</string>
		</dict>
		<key>98A2F5441C0A5F9B0049C5DE</key>
		<dict>
			<key>isa</key>
			<string>PBXFileReference</string>
			<key>lastKnownFileType</key>
			<string>file.storyboard</string>
			<key>name</key>
			<string>Base</string>
			<key>path</key>
			<string>Base.lproj/About.storyboard</string>
			<key>sourceTree</key>
			<string>&lt;group&gt;</string>
		</dict>
		<key>98A2F5451C0A5F9B0049C5DE</key>
		<dict>
			<key>fileRef</key>
			<string>98A2F5431C0A5F9B0049C5DE</string>
			<key>isa</key>
			<string>PBXBuildFile</string>
		</dict>
		<key>98A2F5461C0A5FE90049C5DE</key>
		<dict>
			<key>fileEncoding</key>
			<string>4</string>
			<key>isa</key>
			<string>PBXFileReference</string>
			<key>lastKnownFileType</key>
			<string>file.storyboard</string>
			<key>path</key>
			<string>Discover.storyboard</string>
			<key>sourceTree</key>
			<string>&lt;group&gt;</string>
		</dict>
		<key>98A2F5471C0A5FE90049C5DE</key>
		<dict>
			<key>fileRef</key>
			<string>98A2F5461C0A5FE90049C5DE</string>
			<key>isa</key>
			<string>PBXBuildFile</string>
		</dict>
		<key>98A2F5481C0A62710049C5DE</key>
		<dict>
			<key>fileEncoding</key>
			<string>4</string>
			<key>isa</key>
			<string>PBXFileReference</string>
			<key>lastKnownFileType</key>
			<string>sourcecode.swift</string>
			<key>path</key>
			<string>AboutTableViewController.swift</string>
			<key>sourceTree</key>
			<string>&lt;group&gt;</string>
		</dict>
		<key>98A2F5491C0A62710049C5DE</key>
		<dict>
			<key>fileRef</key>
			<string>98A2F5481C0A62710049C5DE</string>
			<key>isa</key>
			<string>PBXBuildFile</string>
		</dict>
		<key>98A2F54C1C0A84880049C5DE</key>
		<dict>
			<key>fileEncoding</key>
			<string>4</string>
			<key>isa</key>
			<string>PBXFileReference</string>
			<key>lastKnownFileType</key>
			<string>sourcecode.swift</string>
			<key>path</key>
			<string>WebViewController.swift</string>
			<key>sourceTree</key>
			<string>&lt;group&gt;</string>
		</dict>
		<key>98A2F54D1C0A84880049C5DE</key>
		<dict>
			<key>fileRef</key>
			<string>98A2F54C1C0A84880049C5DE</string>
			<key>isa</key>
			<string>PBXBuildFile</string>
		</dict>
		<key>98A2F54E1C0A879A0049C5DE</key>
		<dict>
			<key>children</key>
			<array>
				<string>F4AAE2BE1B7DAC29001D8E75</string>
				<string>98A2F5461C0A5FE90049C5DE</string>
				<string>98A2F5431C0A5F9B0049C5DE</string>
				<string>F4AAE2C31B7DAC29001D8E75</string>
			</array>
			<key>isa</key>
			<string>PBXGroup</string>
			<key>name</key>
			<string>Storyboards</string>
			<key>sourceTree</key>
			<string>&lt;group&gt;</string>
		</dict>
		<key>98A2F54F1C0A87AA0049C5DE</key>
		<dict>
			<key>children</key>
			<array>
				<string>98A2F53F1C0A4A900049C5DE</string>
				<string>98A2F5411C0A4BF00049C5DE</string>
			</array>
			<key>isa</key>
			<string>PBXGroup</string>
			<key>name</key>
			<string>Walkthrough</string>
			<key>sourceTree</key>
			<string>&lt;group&gt;</string>
		</dict>
		<key>98A2F5501C0A87C50049C5DE</key>
		<dict>
			<key>children</key>
			<array>
				<string>F424267D1B85B2FD0019B8F0</string>
			</array>
			<key>isa</key>
			<string>PBXGroup</string>
			<key>name</key>
			<string>Models</string>
			<key>sourceTree</key>
			<string>&lt;group&gt;</string>
		</dict>
		<key>98A2F5511C0A87D10049C5DE</key>
		<dict>
			<key>children</key>
			<array>
				<string>98A2F5191C09F0000049C5DE</string>
				<string>F4AAE2CC1B7DB3A9001D8E75</string>
				<string>F4C566201B7EEB00008C8AEF</string>
				<string>F4E27E801B84858F0015C354</string>
				<string>F45820B91B8AAC09000E50CC</string>
			</array>
			<key>isa</key>
			<string>PBXGroup</string>
			<key>name</key>
			<string>Organization View Controllers</string>
			<key>sourceTree</key>
			<string>&lt;group&gt;</string>
		</dict>
		<key>AB77981A5BF93EEFA7D8C0CA</key>
		<dict>
			<key>children</key>
			<array>
				<string>2FFD811367C6175CDFB78247</string>
				<string>C367BE4A810787CECDDF3242</string>
			</array>
			<key>isa</key>
			<string>PBXGroup</string>
			<key>name</key>
			<string>Pods</string>
			<key>sourceTree</key>
			<string>&lt;group&gt;</string>
		</dict>
		<key>ADC491E1A6EBA9BEE5D6CF8D</key>
		<dict>
			<key>fileRef</key>
			<string>B00641423CC3B458B353BE65</string>
			<key>isa</key>
			<string>PBXBuildFile</string>
		</dict>
		<key>B00641423CC3B458B353BE65</key>
		<dict>
			<key>explicitFileType</key>
			<string>wrapper.framework</string>
			<key>includeInIndex</key>
			<string>0</string>
			<key>isa</key>
			<string>PBXFileReference</string>
			<key>path</key>
			<string>Pods_VolRate.framework</string>
			<key>sourceTree</key>
			<string>BUILT_PRODUCTS_DIR</string>
		</dict>
		<key>C2E980C26CC0A64C00AA6DB0</key>
		<dict>
			<key>children</key>
			<array>
				<string>B00641423CC3B458B353BE65</string>
			</array>
			<key>isa</key>
			<string>PBXGroup</string>
			<key>name</key>
			<string>Frameworks</string>
			<key>sourceTree</key>
			<string>&lt;group&gt;</string>
		</dict>
		<key>C367BE4A810787CECDDF3242</key>
		<dict>
			<key>includeInIndex</key>
			<string>1</string>
			<key>isa</key>
			<string>PBXFileReference</string>
			<key>lastKnownFileType</key>
			<string>text.xcconfig</string>
			<key>name</key>
			<string>Pods-VolRate.release.xcconfig</string>
			<key>path</key>
			<string>Pods/Target Support Files/Pods-VolRate/Pods-VolRate.release.xcconfig</string>
			<key>sourceTree</key>
			<string>&lt;group&gt;</string>
		</dict>
		<key>F424267D1B85B2FD0019B8F0</key>
		<dict>
			<key>fileEncoding</key>
			<string>4</string>
			<key>isa</key>
			<string>PBXFileReference</string>
			<key>lastKnownFileType</key>
			<string>sourcecode.swift</string>
			<key>path</key>
			<string>Organization.swift</string>
			<key>sourceTree</key>
			<string>&lt;group&gt;</string>
		</dict>
		<key>F424267E1B85B2FD0019B8F0</key>
		<dict>
			<key>fileRef</key>
			<string>F424267D1B85B2FD0019B8F0</string>
			<key>isa</key>
			<string>PBXBuildFile</string>
		</dict>
		<key>F45820B91B8AAC09000E50CC</key>
		<dict>
			<key>fileEncoding</key>
			<string>4</string>
			<key>isa</key>
			<string>PBXFileReference</string>
			<key>lastKnownFileType</key>
			<string>sourcecode.swift</string>
			<key>path</key>
			<string>OrganizationDetailTableViewCell.swift</string>
			<key>sourceTree</key>
			<string>&lt;group&gt;</string>
		</dict>
		<key>F45820BA1B8AAC09000E50CC</key>
		<dict>
			<key>fileRef</key>
			<string>F45820B91B8AAC09000E50CC</string>
			<key>isa</key>
			<string>PBXBuildFile</string>
		</dict>
		<key>F4AAE2AE1B7DAC29001D8E75</key>
		<dict>
			<key>children</key>
			<array>
				<string>98A2F5151C0955740049C5DE</string>
				<string>F4AAE2B91B7DAC29001D8E75</string>
				<string>F4AAE2B81B7DAC29001D8E75</string>
				<string>AB77981A5BF93EEFA7D8C0CA</string>
				<string>C2E980C26CC0A64C00AA6DB0</string>
			</array>
			<key>isa</key>
			<string>PBXGroup</string>
			<key>sourceTree</key>
			<string>&lt;group&gt;</string>
		</dict>
		<key>F4AAE2AF1B7DAC29001D8E75</key>
		<dict>
			<key>attributes</key>
			<dict>
				<key>LastUpgradeCheck</key>
				<string>0700</string>
				<key>ORGANIZATIONNAME</key>
				<string>AppCoda</string>
				<key>TargetAttributes</key>
				<dict>
					<key>F4AAE2B61B7DAC29001D8E75</key>
					<dict>
						<key>CreatedOnToolsVersion</key>
						<string>7.0</string>
						<key>DevelopmentTeam</key>
						<string>NUCYL35QAB</string>
						<key>SystemCapabilities</key>
						<dict>
							<key>com.apple.Maps.iOS</key>
							<dict>
								<key>enabled</key>
								<string>1</string>
							</dict>
						</dict>
					</dict>
				</dict>
			</dict>
			<key>buildConfigurationList</key>
			<string>F4AAE2B21B7DAC29001D8E75</string>
			<key>compatibilityVersion</key>
			<string>Xcode 3.2</string>
			<key>developmentRegion</key>
			<string>English</string>
			<key>hasScannedForEncodings</key>
			<string>0</string>
			<key>isa</key>
			<string>PBXProject</string>
			<key>knownRegions</key>
			<array>
				<string>en</string>
				<string>Base</string>
			</array>
			<key>mainGroup</key>
			<string>F4AAE2AE1B7DAC29001D8E75</string>
			<key>productRefGroup</key>
			<string>F4AAE2B81B7DAC29001D8E75</string>
			<key>projectDirPath</key>
			<string></string>
			<key>projectReferences</key>
			<array/>
			<key>projectRoot</key>
			<string></string>
			<key>targets</key>
			<array>
				<string>F4AAE2B61B7DAC29001D8E75</string>
			</array>
		</dict>
		<key>F4AAE2B21B7DAC29001D8E75</key>
		<dict>
			<key>buildConfigurations</key>
			<array>
				<string>F4AAE2C71B7DAC29001D8E75</string>
				<string>F4AAE2C81B7DAC29001D8E75</string>
			</array>
			<key>defaultConfigurationIsVisible</key>
			<string>0</string>
			<key>defaultConfigurationName</key>
			<string>Release</string>
			<key>isa</key>
			<string>XCConfigurationList</string>
		</dict>
		<key>F4AAE2B31B7DAC29001D8E75</key>
		<dict>
			<key>buildActionMask</key>
			<string>2147483647</string>
			<key>files</key>
			<array>
				<string>98A2F51A1C09F0000049C5DE</string>
				<string>98A2F5491C0A62710049C5DE</string>
				<string>F424267E1B85B2FD0019B8F0</string>
				<string>F4AAE2CD1B7DB3A9001D8E75</string>
				<string>98A2F5141C093D240049C5DE</string>
				<string>F4C566211B7EEB00008C8AEF</string>
				<string>98A2F5401C0A4A900049C5DE</string>
				<string>98A2F5421C0A4BF00049C5DE</string>
				<string>98A2F53E1C0A0AD00049C5DE</string>
				<string>F45820BA1B8AAC09000E50CC</string>
				<string>F4E27E811B84858F0015C354</string>
				<string>98A2F54D1C0A84880049C5DE</string>
				<string>F4AAE2BB1B7DAC29001D8E75</string>
				<string>98A2F5181C09595F0049C5DE</string>
			</array>
			<key>isa</key>
			<string>PBXSourcesBuildPhase</string>
			<key>runOnlyForDeploymentPostprocessing</key>
			<string>0</string>
		</dict>
		<key>F4AAE2B41B7DAC29001D8E75</key>
		<dict>
			<key>buildActionMask</key>
			<string>2147483647</string>
			<key>files</key>
			<array>
				<string>98A2F5161C0955740049C5DE</string>
				<string>ADC491E1A6EBA9BEE5D6CF8D</string>
			</array>
			<key>isa</key>
			<string>PBXFrameworksBuildPhase</string>
			<key>runOnlyForDeploymentPostprocessing</key>
			<string>0</string>
		</dict>
		<key>F4AAE2B51B7DAC29001D8E75</key>
		<dict>
			<key>buildActionMask</key>
			<string>2147483647</string>
			<key>files</key>
			<array>
				<string>F4AAE2C51B7DAC29001D8E75</string>
				<string>F4AAE2C21B7DAC29001D8E75</string>
				<string>98A2F5471C0A5FE90049C5DE</string>
				<string>98A2F5451C0A5F9B0049C5DE</string>
				<string>F4AAE2C01B7DAC29001D8E75</string>
			</array>
			<key>isa</key>
			<string>PBXResourcesBuildPhase</string>
			<key>runOnlyForDeploymentPostprocessing</key>
			<string>0</string>
		</dict>
		<key>F4AAE2B61B7DAC29001D8E75</key>
		<dict>
			<key>buildConfigurationList</key>
			<string>F4AAE2C91B7DAC29001D8E75</string>
			<key>buildPhases</key>
			<array>
				<string>72220383A969B83719DEB373</string>
				<string>F4AAE2B31B7DAC29001D8E75</string>
				<string>F4AAE2B41B7DAC29001D8E75</string>
				<string>F4AAE2B51B7DAC29001D8E75</string>
				<string>197342E6549E818119424A3D</string>
				<string>09365D8B9B168462A5B9817D</string>
			</array>
			<key>buildRules</key>
			<array/>
			<key>dependencies</key>
			<array/>
			<key>isa</key>
			<string>PBXNativeTarget</string>
			<key>name</key>
			<string>VolRate</string>
			<key>productName</key>
			<string>FoodPin</string>
			<key>productReference</key>
			<string>F4AAE2B71B7DAC29001D8E75</string>
			<key>productType</key>
			<string>com.apple.product-type.application</string>
		</dict>
		<key>F4AAE2B71B7DAC29001D8E75</key>
		<dict>
			<key>explicitFileType</key>
			<string>wrapper.application</string>
			<key>includeInIndex</key>
			<string>0</string>
			<key>isa</key>
			<string>PBXFileReference</string>
			<key>path</key>
			<string>VolRate.app</string>
			<key>sourceTree</key>
			<string>BUILT_PRODUCTS_DIR</string>
		</dict>
		<key>F4AAE2B81B7DAC29001D8E75</key>
		<dict>
			<key>children</key>
			<array>
				<string>F4AAE2B71B7DAC29001D8E75</string>
			</array>
			<key>isa</key>
			<string>PBXGroup</string>
			<key>name</key>
			<string>Products</string>
			<key>sourceTree</key>
			<string>&lt;group&gt;</string>
		</dict>
		<key>F4AAE2B91B7DAC29001D8E75</key>
		<dict>
			<key>children</key>
			<array>
				<string>F4AAE2BA1B7DAC29001D8E75</string>
				<string>98A2F54E1C0A879A0049C5DE</string>
				<string>F4AAE2C11B7DAC29001D8E75</string>
				<string>F4AAE2C61B7DAC29001D8E75</string>
				<string>98A2F5511C0A87D10049C5DE</string>
				<string>98A2F5501C0A87C50049C5DE</string>
				<string>98A2F5131C093D240049C5DE</string>
				<string>98A2F5171C09595F0049C5DE</string>
				<string>98A2F53C1C0A0AD00049C5DE</string>
				<string>98A2F54F1C0A87AA0049C5DE</string>
				<string>98A2F5481C0A62710049C5DE</string>
				<string>98A2F54C1C0A84880049C5DE</string>
			</array>
			<key>isa</key>
			<string>PBXGroup</string>
			<key>path</key>
			<string>VolRate</string>
			<key>sourceTree</key>
			<string>&lt;group&gt;</string>
		</dict>
		<key>F4AAE2BA1B7DAC29001D8E75</key>
		<dict>
			<key>isa</key>
			<string>PBXFileReference</string>
			<key>lastKnownFileType</key>
			<string>sourcecode.swift</string>
			<key>path</key>
			<string>AppDelegate.swift</string>
			<key>sourceTree</key>
			<string>&lt;group&gt;</string>
		</dict>
		<key>F4AAE2BB1B7DAC29001D8E75</key>
		<dict>
			<key>fileRef</key>
			<string>F4AAE2BA1B7DAC29001D8E75</string>
			<key>isa</key>
			<string>PBXBuildFile</string>
		</dict>
		<key>F4AAE2BE1B7DAC29001D8E75</key>
		<dict>
			<key>children</key>
			<array>
				<string>F4AAE2BF1B7DAC29001D8E75</string>
			</array>
			<key>isa</key>
			<string>PBXVariantGroup</string>
			<key>name</key>
			<string>Main.storyboard</string>
			<key>sourceTree</key>
			<string>&lt;group&gt;</string>
		</dict>
		<key>F4AAE2BF1B7DAC29001D8E75</key>
		<dict>
			<key>isa</key>
			<string>PBXFileReference</string>
			<key>lastKnownFileType</key>
			<string>file.storyboard</string>
			<key>name</key>
			<string>Base</string>
			<key>path</key>
			<string>Base.lproj/Main.storyboard</string>
			<key>sourceTree</key>
			<string>&lt;group&gt;</string>
		</dict>
		<key>F4AAE2C01B7DAC29001D8E75</key>
		<dict>
			<key>fileRef</key>
			<string>F4AAE2BE1B7DAC29001D8E75</string>
			<key>isa</key>
			<string>PBXBuildFile</string>
		</dict>
		<key>F4AAE2C11B7DAC29001D8E75</key>
		<dict>
			<key>isa</key>
			<string>PBXFileReference</string>
			<key>lastKnownFileType</key>
			<string>folder.assetcatalog</string>
			<key>path</key>
			<string>Assets.xcassets</string>
			<key>sourceTree</key>
			<string>&lt;group&gt;</string>
		</dict>
		<key>F4AAE2C21B7DAC29001D8E75</key>
		<dict>
			<key>fileRef</key>
			<string>F4AAE2C11B7DAC29001D8E75</string>
			<key>isa</key>
			<string>PBXBuildFile</string>
		</dict>
		<key>F4AAE2C31B7DAC29001D8E75</key>
		<dict>
			<key>children</key>
			<array>
				<string>F4AAE2C41B7DAC29001D8E75</string>
			</array>
			<key>isa</key>
			<string>PBXVariantGroup</string>
			<key>name</key>
			<string>LaunchScreen.storyboard</string>
			<key>sourceTree</key>
			<string>&lt;group&gt;</string>
		</dict>
		<key>F4AAE2C41B7DAC29001D8E75</key>
		<dict>
			<key>isa</key>
			<string>PBXFileReference</string>
			<key>lastKnownFileType</key>
			<string>file.storyboard</string>
			<key>name</key>
			<string>Base</string>
			<key>path</key>
			<string>Base.lproj/LaunchScreen.storyboard</string>
			<key>sourceTree</key>
			<string>&lt;group&gt;</string>
		</dict>
		<key>F4AAE2C51B7DAC29001D8E75</key>
		<dict>
			<key>fileRef</key>
			<string>F4AAE2C31B7DAC29001D8E75</string>
			<key>isa</key>
			<string>PBXBuildFile</string>
		</dict>
		<key>F4AAE2C61B7DAC29001D8E75</key>
		<dict>
			<key>isa</key>
			<string>PBXFileReference</string>
			<key>lastKnownFileType</key>
			<string>text.plist.xml</string>
			<key>path</key>
			<string>Info.plist</string>
			<key>sourceTree</key>
			<string>&lt;group&gt;</string>
		</dict>
		<key>F4AAE2C71B7DAC29001D8E75</key>
		<dict>
			<key>buildSettings</key>
			<dict>
				<key>ALWAYS_SEARCH_USER_PATHS</key>
				<string>NO</string>
				<key>CLANG_CXX_LANGUAGE_STANDARD</key>
				<string>gnu++0x</string>
				<key>CLANG_CXX_LIBRARY</key>
				<string>libc++</string>
				<key>CLANG_ENABLE_MODULES</key>
				<string>YES</string>
				<key>CLANG_ENABLE_OBJC_ARC</key>
				<string>YES</string>
				<key>CLANG_WARN_BOOL_CONVERSION</key>
				<string>YES</string>
				<key>CLANG_WARN_CONSTANT_CONVERSION</key>
				<string>YES</string>
				<key>CLANG_WARN_DIRECT_OBJC_ISA_USAGE</key>
				<string>YES_ERROR</string>
				<key>CLANG_WARN_EMPTY_BODY</key>
				<string>YES</string>
				<key>CLANG_WARN_ENUM_CONVERSION</key>
				<string>YES</string>
				<key>CLANG_WARN_INT_CONVERSION</key>
				<string>YES</string>
				<key>CLANG_WARN_OBJC_ROOT_CLASS</key>
				<string>YES_ERROR</string>
				<key>CLANG_WARN_UNREACHABLE_CODE</key>
				<string>YES</string>
				<key>CLANG_WARN__DUPLICATE_METHOD_MATCH</key>
				<string>YES</string>
				<key>CODE_SIGN_IDENTITY[sdk=iphoneos*]</key>
				<string>iPhone Developer</string>
				<key>COPY_PHASE_STRIP</key>
				<string>NO</string>
				<key>DEBUG_INFORMATION_FORMAT</key>
				<string>dwarf</string>
				<key>ENABLE_STRICT_OBJC_MSGSEND</key>
				<string>YES</string>
				<key>ENABLE_TESTABILITY</key>
				<string>YES</string>
				<key>GCC_C_LANGUAGE_STANDARD</key>
				<string>gnu99</string>
				<key>GCC_DYNAMIC_NO_PIC</key>
				<string>NO</string>
				<key>GCC_NO_COMMON_BLOCKS</key>
				<string>YES</string>
				<key>GCC_OPTIMIZATION_LEVEL</key>
				<string>0</string>
				<key>GCC_PREPROCESSOR_DEFINITIONS</key>
				<array>
					<string>DEBUG=1</string>
					<string>$(inherited)</string>
				</array>
				<key>GCC_WARN_64_TO_32_BIT_CONVERSION</key>
				<string>YES</string>
				<key>GCC_WARN_ABOUT_RETURN_TYPE</key>
				<string>YES_ERROR</string>
				<key>GCC_WARN_UNDECLARED_SELECTOR</key>
				<string>YES</string>
				<key>GCC_WARN_UNINITIALIZED_AUTOS</key>
				<string>YES_AGGRESSIVE</string>
				<key>GCC_WARN_UNUSED_FUNCTION</key>
				<string>YES</string>
				<key>GCC_WARN_UNUSED_VARIABLE</key>
				<string>YES</string>
				<key>IPHONEOS_DEPLOYMENT_TARGET</key>
				<string>9.0</string>
				<key>MTL_ENABLE_DEBUG_INFO</key>
				<string>YES</string>
				<key>ONLY_ACTIVE_ARCH</key>
				<string>YES</string>
				<key>SDKROOT</key>
				<string>iphoneos</string>
				<key>SWIFT_OPTIMIZATION_LEVEL</key>
				<string>-Onone</string>
			</dict>
			<key>isa</key>
			<string>XCBuildConfiguration</string>
			<key>name</key>
			<string>Debug</string>
		</dict>
		<key>F4AAE2C81B7DAC29001D8E75</key>
		<dict>
			<key>buildSettings</key>
			<dict>
				<key>ALWAYS_SEARCH_USER_PATHS</key>
				<string>NO</string>
				<key>CLANG_CXX_LANGUAGE_STANDARD</key>
				<string>gnu++0x</string>
				<key>CLANG_CXX_LIBRARY</key>
				<string>libc++</string>
				<key>CLANG_ENABLE_MODULES</key>
				<string>YES</string>
				<key>CLANG_ENABLE_OBJC_ARC</key>
				<string>YES</string>
				<key>CLANG_WARN_BOOL_CONVERSION</key>
				<string>YES</string>
				<key>CLANG_WARN_CONSTANT_CONVERSION</key>
				<string>YES</string>
				<key>CLANG_WARN_DIRECT_OBJC_ISA_USAGE</key>
				<string>YES_ERROR</string>
				<key>CLANG_WARN_EMPTY_BODY</key>
				<string>YES</string>
				<key>CLANG_WARN_ENUM_CONVERSION</key>
				<string>YES</string>
				<key>CLANG_WARN_INT_CONVERSION</key>
				<string>YES</string>
				<key>CLANG_WARN_OBJC_ROOT_CLASS</key>
				<string>YES_ERROR</string>
				<key>CLANG_WARN_UNREACHABLE_CODE</key>
				<string>YES</string>
				<key>CLANG_WARN__DUPLICATE_METHOD_MATCH</key>
				<string>YES</string>
				<key>CODE_SIGN_IDENTITY[sdk=iphoneos*]</key>
				<string>iPhone Developer</string>
				<key>COPY_PHASE_STRIP</key>
				<string>NO</string>
				<key>DEBUG_INFORMATION_FORMAT</key>
				<string>dwarf-with-dsym</string>
				<key>ENABLE_NS_ASSERTIONS</key>
				<string>NO</string>
				<key>ENABLE_STRICT_OBJC_MSGSEND</key>
				<string>YES</string>
				<key>GCC_C_LANGUAGE_STANDARD</key>
				<string>gnu99</string>
				<key>GCC_NO_COMMON_BLOCKS</key>
				<string>YES</string>
				<key>GCC_WARN_64_TO_32_BIT_CONVERSION</key>
				<string>YES</string>
				<key>GCC_WARN_ABOUT_RETURN_TYPE</key>
				<string>YES_ERROR</string>
				<key>GCC_WARN_UNDECLARED_SELECTOR</key>
				<string>YES</string>
				<key>GCC_WARN_UNINITIALIZED_AUTOS</key>
				<string>YES_AGGRESSIVE</string>
				<key>GCC_WARN_UNUSED_FUNCTION</key>
				<string>YES</string>
				<key>GCC_WARN_UNUSED_VARIABLE</key>
				<string>YES</string>
				<key>IPHONEOS_DEPLOYMENT_TARGET</key>
				<string>9.0</string>
				<key>MTL_ENABLE_DEBUG_INFO</key>
				<string>NO</string>
				<key>SDKROOT</key>
				<string>iphoneos</string>
				<key>VALIDATE_PRODUCT</key>
				<string>YES</string>
			</dict>
			<key>isa</key>
			<string>XCBuildConfiguration</string>
			<key>name</key>
			<string>Release</string>
		</dict>
		<key>F4AAE2C91B7DAC29001D8E75</key>
		<dict>
			<key>buildConfigurations</key>
			<array>
				<string>F4AAE2CA1B7DAC29001D8E75</string>
				<string>F4AAE2CB1B7DAC29001D8E75</string>
			</array>
			<key>defaultConfigurationIsVisible</key>
			<string>0</string>
			<key>defaultConfigurationName</key>
			<string>Release</string>
			<key>isa</key>
			<string>XCConfigurationList</string>
		</dict>
		<key>F4AAE2CA1B7DAC29001D8E75</key>
		<dict>
			<key>baseConfigurationReference</key>
			<string>2FFD811367C6175CDFB78247</string>
			<key>buildSettings</key>
			<dict>
				<key>ASSETCATALOG_COMPILER_APPICON_NAME</key>
				<string>AppIcon</string>
				<key>CODE_SIGN_IDENTITY</key>
				<string>iPhone Developer</string>
				<key>CODE_SIGN_IDENTITY[sdk=iphoneos*]</key>
				<string>iPhone Developer</string>
				<key>INFOPLIST_FILE</key>
				<string>VolRate/Info.plist</string>
				<key>LD_RUNPATH_SEARCH_PATHS</key>
				<string>$(inherited) @executable_path/Frameworks</string>
				<key>PRODUCT_BUNDLE_IDENTIFIER</key>
				<string>com.guardiolajoe.VolRate</string>
				<key>PRODUCT_NAME</key>
				<string>VolRate</string>
				<key>PROVISIONING_PROFILE</key>
				<string></string>
				<key>TARGETED_DEVICE_FAMILY</key>
				<string>1</string>
			</dict>
			<key>isa</key>
			<string>XCBuildConfiguration</string>
			<key>name</key>
			<string>Debug</string>
		</dict>
		<key>F4AAE2CB1B7DAC29001D8E75</key>
		<dict>
			<key>baseConfigurationReference</key>
			<string>C367BE4A810787CECDDF3242</string>
			<key>buildSettings</key>
			<dict>
				<key>ASSETCATALOG_COMPILER_APPICON_NAME</key>
				<string>AppIcon</string>
				<key>CODE_SIGN_IDENTITY</key>
				<string>iPhone Developer</string>
				<key>CODE_SIGN_IDENTITY[sdk=iphoneos*]</key>
				<string>iPhone Developer</string>
				<key>INFOPLIST_FILE</key>
				<string>VolRate/Info.plist</string>
				<key>LD_RUNPATH_SEARCH_PATHS</key>
				<string>$(inherited) @executable_path/Frameworks</string>
				<key>PRODUCT_BUNDLE_IDENTIFIER</key>
				<string>com.guardiolajoe.VolRate</string>
				<key>PRODUCT_NAME</key>
				<string>VolRate</string>
				<key>PROVISIONING_PROFILE</key>
				<string></string>
				<key>SWIFT_OPTIMIZATION_LEVEL</key>
				<string>-O</string>
				<key>TARGETED_DEVICE_FAMILY</key>
				<string>1</string>
			</dict>
			<key>isa</key>
			<string>XCBuildConfiguration</string>
			<key>name</key>
			<string>Release</string>
		</dict>
		<key>F4AAE2CC1B7DB3A9001D8E75</key>
		<dict>
			<key>fileEncoding</key>
			<string>4</string>
			<key>isa</key>
			<string>PBXFileReference</string>
			<key>lastKnownFileType</key>
			<string>sourcecode.swift</string>
			<key>path</key>
			<string>OrganizationTableViewController.swift</string>
			<key>sourceTree</key>
			<string>&lt;group&gt;</string>
		</dict>
		<key>F4AAE2CD1B7DB3A9001D8E75</key>
		<dict>
			<key>fileRef</key>
			<string>F4AAE2CC1B7DB3A9001D8E75</string>
			<key>isa</key>
			<string>PBXBuildFile</string>
		</dict>
		<key>F4C566201B7EEB00008C8AEF</key>
		<dict>
			<key>fileEncoding</key>
			<string>4</string>
			<key>isa</key>
			<string>PBXFileReference</string>
			<key>lastKnownFileType</key>
			<string>sourcecode.swift</string>
			<key>path</key>
			<string>OrganizationTableViewCell.swift</string>
			<key>sourceTree</key>
			<string>&lt;group&gt;</string>
		</dict>
		<key>F4C566211B7EEB00008C8AEF</key>
		<dict>
			<key>fileRef</key>
			<string>F4C566201B7EEB00008C8AEF</string>
			<key>isa</key>
			<string>PBXBuildFile</string>
		</dict>
		<key>F4E27E801B84858F0015C354</key>
		<dict>
			<key>fileEncoding</key>
			<string>4</string>
			<key>isa</key>
			<string>PBXFileReference</string>
			<key>lastKnownFileType</key>
			<string>sourcecode.swift</string>
			<key>path</key>
			<string>OrganizationDetailViewController.swift</string>
			<key>sourceTree</key>
			<string>&lt;group&gt;</string>
		</dict>
		<key>F4E27E811B84858F0015C354</key>
		<dict>
			<key>fileRef</key>
			<string>F4E27E801B84858F0015C354</string>
			<key>isa</key>
			<string>PBXBuildFile</string>
		</dict>
	</dict>
	<key>rootObject</key>
	<string>F4AAE2AF1B7DAC29001D8E75</string>
</dict>
</plist>
